
Microsoft Visual Studio Solution File, Format Version 12.00
# Visual Studio Version 17
VisualStudioVersion = 17.13.35931.197 d17.13
MinimumVisualStudioVersion = 10.0.40219.1
Project("{FAE04EC0-301F-11D3-BF4B-00C04F79EFBC}") = "Bai4", "Bai4\Bai4.csproj", "{BEDD42C1-CDFB-4BCE-A0BC-9032414B424B}"
EndProject
Global
	GlobalSection(SolutionConfigurationPlatforms) = preSolution
		Debug|Any CPU = Debug|Any CPU
		Release|Any CPU = Release|Any CPU
	EndGlobalSection
	GlobalSection(ProjectConfigurationPlatforms) = postSolution
		{BEDD42C1-CDFB-4BCE-A0BC-9032414B424B}.Debug|Any CPU.ActiveCfg = Debug|Any CPU
		{BEDD42C1-CDFB-4BCE-A0BC-9032414B424B}.Debug|Any CPU.Build.0 = Debug|Any CPU
		{BEDD42C1-CDFB-4BCE-A0BC-9032414B424B}.Release|Any CPU.ActiveCfg = Release|Any CPU
		{BEDD42C1-CDFB-4BCE-A0BC-9032414B424B}.Release|Any CPU.Build.0 = Release|Any CPU
	EndGlobalSection
	GlobalSection(SolutionProperties) = preSolution
		HideSolutionNode = FALSE
	EndGlobalSection
	GlobalSection(ExtensibilityGlobals) = postSolution
		SolutionGuid = {90285FC4-5158-4933-AD61-1FE89FEA5353}
	EndGlobalSection
EndGlobal
