
Microsoft Visual Studio Solution File, Format Version 12.00
# Visual Studio Version 17
VisualStudioVersion = 17.13.35931.197 d17.13
MinimumVisualStudioVersion = 10.0.40219.1
Project("{FAE04EC0-301F-11D3-BF4B-00C04F79EFBC}") = "Lab1.1", "Lab1.1\Lab1.1.csproj", "{3AA58F7F-0661-498B-AD40-0D29A147F588}"
EndProject
Global
	GlobalSection(SolutionConfigurationPlatforms) = preSolution
		Debug|Any CPU = Debug|Any CPU
		Release|Any CPU = Release|Any CPU
	EndGlobalSection
	GlobalSection(ProjectConfigurationPlatforms) = postSolution
		{3AA58F7F-0661-498B-AD40-0D29A147F588}.Debug|Any CPU.ActiveCfg = Debug|Any CPU
		{3AA58F7F-0661-498B-AD40-0D29A147F588}.Debug|Any CPU.Build.0 = Debug|Any CPU
		{3AA58F7F-0661-498B-AD40-0D29A147F588}.Release|Any CPU.ActiveCfg = Release|Any CPU
		{3AA58F7F-0661-498B-AD40-0D29A147F588}.Release|Any CPU.Build.0 = Release|Any CPU
	EndGlobalSection
	GlobalSection(SolutionProperties) = preSolution
		HideSolutionNode = FALSE
	EndGlobalSection
	GlobalSection(ExtensibilityGlobals) = postSolution
		SolutionGuid = {5AB4F3C2-93D0-4BB9-B97D-5214BAFB9585}
	EndGlobalSection
EndGlobal
